
Microsoft Visual Studio Solution File, Format Version 12.00
# Visual Studio 15
VisualStudioVersion = 15.0.28307.421
MinimumVisualStudioVersion = 10.0.40219.1
Project("{FAE04EC0-301F-11D3-BF4B-00C04F79EFBC}") = "Haotian Zhang CPRG214 Assignment1", "Haotian Zhang CPRG214 Assignment1\Haotian Zhang CPRG214 Assignment1.csproj", "{41B80AFA-C318-4AD6-9087-02BA2EF9589C}"
EndProject
Global
	GlobalSection(SolutionConfigurationPlatforms) = preSolution
		Debug|Any CPU = Debug|Any CPU
		Release|Any CPU = Release|Any CPU
	EndGlobalSection
	GlobalSection(ProjectConfigurationPlatforms) = postSolution
		{41B80AFA-C318-4AD6-9087-02BA2EF9589C}.Debug|Any CPU.ActiveCfg = Debug|Any CPU
		{41B80AFA-C318-4AD6-9087-02BA2EF9589C}.Debug|Any CPU.Build.0 = Debug|Any CPU
		{41B80AFA-C318-4AD6-9087-02BA2EF9589C}.Release|Any CPU.ActiveCfg = Release|Any CPU
		{41B80AFA-C318-4AD6-9087-02BA2EF9589C}.Release|Any CPU.Build.0 = Release|Any CPU
	EndGlobalSection
	GlobalSection(SolutionProperties) = preSolution
		HideSolutionNode = FALSE
	EndGlobalSection
	GlobalSection(ExtensibilityGlobals) = postSolution
		SolutionGuid = {B66C5960-0F06-4D5E-9FE1-1F9A1FFA6722}
	EndGlobalSection
EndGlobal
